
Microsoft Visual Studio Solution File, Format Version 12.00
# Visual Studio Version 17
VisualStudioVersion = 17.12.35728.132
MinimumVisualStudioVersion = 10.0.40219.1
Project("{FAE04EC0-301F-11D3-BF4B-00C04F79EFBC}") = "HogWarp.Common", "HogWarp.Common\HogWarp.Common.csproj", "{35FE4291-2494-488B-9CF8-E36CF8327199}"
EndProject
Project("{FAE04EC0-301F-11D3-BF4B-00C04F79EFBC}") = "HogWarp.Chat", "HogWarp.Chat\HogWarp.Chat.csproj", "{5A0CB1B2-FD24-4DBA-9206-8837C9FB3B2D}"
EndProject
Project("{FAE04EC0-301F-11D3-BF4B-00C04F79EFBC}") = "HogWarp.Weather", "HogWarp.Weather\HogWarp.Weather.csproj", "{A2D4E4CB-6E57-42EB-8A19-B11BFB583961}"
EndProject
Global
	GlobalSection(SolutionConfigurationPlatforms) = preSolution
		Debug|Any CPU = Debug|Any CPU
		Release|Any CPU = Release|Any CPU
	EndGlobalSection
	GlobalSection(ProjectConfigurationPlatforms) = postSolution
		{35FE4291-2494-488B-9CF8-E36CF8327199}.Debug|Any CPU.ActiveCfg = Debug|Any CPU
		{35FE4291-2494-488B-9CF8-E36CF8327199}.Debug|Any CPU.Build.0 = Debug|Any CPU
		{35FE4291-2494-488B-9CF8-E36CF8327199}.Release|Any CPU.ActiveCfg = Release|Any CPU
		{35FE4291-2494-488B-9CF8-E36CF8327199}.Release|Any CPU.Build.0 = Release|Any CPU
		{5A0CB1B2-FD24-4DBA-9206-8837C9FB3B2D}.Debug|Any CPU.ActiveCfg = Debug|Any CPU
		{5A0CB1B2-FD24-4DBA-9206-8837C9FB3B2D}.Debug|Any CPU.Build.0 = Debug|Any CPU
		{5A0CB1B2-FD24-4DBA-9206-8837C9FB3B2D}.Release|Any CPU.ActiveCfg = Release|Any CPU
		{5A0CB1B2-FD24-4DBA-9206-8837C9FB3B2D}.Release|Any CPU.Build.0 = Release|Any CPU
		{A2D4E4CB-6E57-42EB-8A19-B11BFB583961}.Debug|Any CPU.ActiveCfg = Debug|Any CPU
		{A2D4E4CB-6E57-42EB-8A19-B11BFB583961}.Debug|Any CPU.Build.0 = Debug|Any CPU
		{A2D4E4CB-6E57-42EB-8A19-B11BFB583961}.Release|Any CPU.ActiveCfg = Release|Any CPU
		{A2D4E4CB-6E57-42EB-8A19-B11BFB583961}.Release|Any CPU.Build.0 = Release|Any CPU
	EndGlobalSection
	GlobalSection(SolutionProperties) = preSolution
		HideSolutionNode = FALSE
	EndGlobalSection
EndGlobal
